
Microsoft Visual Studio Solution File, Format Version 12.00
# Visual Studio Version 17
VisualStudioVersion = 17.0.32112.339
MinimumVisualStudioVersion = 10.0.40219.1
Project("{2150E333-8FDC-42A3-9474-1A3956D46DE8}") = "scr", "scr", "{0D43154E-6E7C-4623-96E2-45D73331B063}"
EndProject
Project("{2150E333-8FDC-42A3-9474-1A3956D46DE8}") = "test", "test", "{5EE304AD-0408-4E48-817E-A3917B18C8B0}"
EndProject
Project("{FAE04EC0-301F-11D3-BF4B-00C04F79EFBC}") = "App", "App\App.csproj", "{A3CC6437-9F71-4A04-A202-D96305C3FC05}"
EndProject
Project("{FAE04EC0-301F-11D3-BF4B-00C04F79EFBC}") = "TestProject", "TestProject\TestProject.csproj", "{312C4094-B18B-43DC-BDF6-BE61CAA299DB}"
EndProject
Global
	GlobalSection(SolutionConfigurationPlatforms) = preSolution
		Debug|Any CPU = Debug|Any CPU
		Release|Any CPU = Release|Any CPU
	EndGlobalSection
	GlobalSection(ProjectConfigurationPlatforms) = postSolution
		{A3CC6437-9F71-4A04-A202-D96305C3FC05}.Debug|Any CPU.ActiveCfg = Debug|Any CPU
		{A3CC6437-9F71-4A04-A202-D96305C3FC05}.Debug|Any CPU.Build.0 = Debug|Any CPU
		{A3CC6437-9F71-4A04-A202-D96305C3FC05}.Release|Any CPU.ActiveCfg = Release|Any CPU
		{A3CC6437-9F71-4A04-A202-D96305C3FC05}.Release|Any CPU.Build.0 = Release|Any CPU
		{312C4094-B18B-43DC-BDF6-BE61CAA299DB}.Debug|Any CPU.ActiveCfg = Debug|Any CPU
		{312C4094-B18B-43DC-BDF6-BE61CAA299DB}.Debug|Any CPU.Build.0 = Debug|Any CPU
		{312C4094-B18B-43DC-BDF6-BE61CAA299DB}.Release|Any CPU.ActiveCfg = Release|Any CPU
		{312C4094-B18B-43DC-BDF6-BE61CAA299DB}.Release|Any CPU.Build.0 = Release|Any CPU
	EndGlobalSection
	GlobalSection(SolutionProperties) = preSolution
		HideSolutionNode = FALSE
	EndGlobalSection
	GlobalSection(NestedProjects) = preSolution
		{A3CC6437-9F71-4A04-A202-D96305C3FC05} = {0D43154E-6E7C-4623-96E2-45D73331B063}
		{312C4094-B18B-43DC-BDF6-BE61CAA299DB} = {5EE304AD-0408-4E48-817E-A3917B18C8B0}
	EndGlobalSection
	GlobalSection(ExtensibilityGlobals) = postSolution
		SolutionGuid = {778CF035-FA59-4DA3-B387-16675B1D3DC8}
	EndGlobalSection
EndGlobal
